PODS:
  - AdColony (4.9.0)
  - Ads-Global (4.3.1.9):
    - Ads-Global/BUAdSDK (= 4.3.1.9)
  - Ads-Global/APM (4.3.1.9):
    - RangersAPM-Pangle/Crash (= 2.3.2-pangle)
    - RangersAPM-Pangle/Global (= 2.3.2-pangle)
    - RangersAPM-Pangle/SessionTracker (= 2.3.2-pangle)
  - Ads-Global/BUAdSDK (4.3.1.9):
    - Ads-Global/BUFoundation
    - Ads-Global/International
  - Ads-Global/BUFoundation (4.3.1.9):
    - BURelyFoundation_Global (= 0.0.1.57)
  - Ads-Global/International (4.3.1.9):
    - Ads-Global/APM
    - Ads-Global/BUFoundation
  - AmazonPublisherServicesSDK (4.4.3)
  - APDAdColonyAdapter (3.0.0.1):
    - AdColony (= 4.9.0)
    - Appodeal (= 3.0.0)
  - APDAppLovinAdapter (3.0.0.1):
    - AppLovinSDK (~> 11.4.2)
    - Appodeal (= 3.0.0)
  - APDBidMachineAdapter (3.0.0.2):
    - Appodeal (= 3.0.0)
    - BidMachine (= 1.9.4.2)
  - APDIABAdapter (3.0.0.1):
    - Appodeal (= 3.0.0)
  - APDIronSourceAdapter (3.0.0.1):
    - Appodeal (= 3.0.0)
    - IronSourceSDK (= 7.2.2.1)
  - APDMetaAudienceNetworkAdapter (3.0.0.1):
    - Appodeal (= 3.0.0)
    - FBAudienceNetwork (= 6.11.1)
  - APDMyTargetAdapter (3.0.0.1):
    - Appodeal (= 3.0.0)
    - myTargetSDK (~> 5.15.2)
  - APDStackAnalyticsAdapter (3.0.0.1):
    - Appodeal (= 3.0.0)
    - StackAnalytics (~> 1.3.1)
    - StackIAB (~> 1.7.0)
    - StackModules (~> 1.2.0)
  - APDUnityAdapter (3.0.0.1):
    - Appodeal (= 3.0.0)
    - UnityAds (= 4.2.1)
  - APDVungleAdapter (3.0.0.1):
    - Appodeal (= 3.0.0)
    - VungleSDK-iOS (= 6.11.0)
  - APDYandexAdapter (3.0.0.1):
    - Appodeal (= 3.0.0)
    - YandexMobileAds (= 5.0.2)
  - AppLovinSDK (11.4.4)
  - Appodeal (3.0.0):
    - Protobuf
    - StackConsentManager (~> 1.2.0)
    - StackIAB (~> 1.7.0)
    - StackModules (~> 1.2.0)
    - StackProtobuf (~> 0.8.0)
  - BDMAdColonyAdapter (1.9.4.1):
    - AdColony (= 4.9.0)
    - BidMachine (~> 1.9.4.0)
  - BDMAmazonAdapter (1.9.4.2):
    - AmazonPublisherServicesSDK (= 4.4.3)
    - BidMachine (~> 1.9.4.0)
  - BDMCriteoAdapter (1.9.4.1):
    - BidMachine (~> 1.9.4.0)
    - CriteoPublisherSdk (= 4.5.0)
  - BDMIABAdapter (1.9.4.0):
    - BDMIABAdapter/IAB (= 1.9.4.0)
  - BDMIABAdapter/IAB (1.9.4.0):
    - BDMIABAdapter/MRAID
    - BDMIABAdapter/NAST
    - BDMIABAdapter/VAST
  - BDMIABAdapter/MRAID (1.9.4.0):
    - BidMachine (~> 1.9.4.0)
    - StackIAB (~> 1.7.1)
  - BDMIABAdapter/NAST (1.9.4.0):
    - BidMachine (~> 1.9.4.0)
    - StackIAB (~> 1.7.1)
  - BDMIABAdapter/VAST (1.9.4.0):
    - BidMachine (~> 1.9.4.0)
    - StackIAB (~> 1.7.1)
  - BDMMetaAudienceAdapter (1.9.4.2):
    - BidMachine (~> 1.9.4.0)
    - FBAudienceNetwork (= 6.11.1)
  - BDMMyTargetAdapter (1.9.4.1):
    - BidMachine (~> 1.9.4.0)
    - myTargetSDK (= 5.15.2)
  - BDMPangleAdapter (1.9.4.2):
    - Ads-Global (= 4.3.1.9)
    - BidMachine (~> 1.9.4.0)
  - BDMSmaatoAdapter (1.9.4.1):
    - BidMachine (~> 1.9.4.0)
    - smaato-ios-sdk (= 21.7.5)
    - smaato-ios-sdk/Modules/UnifiedBidding (= 21.7.5)
  - BDMTapjoyAdapter (1.9.4.1):
    - BidMachine (~> 1.9.4.0)
    - TapjoySDK (= 12.10.0)
  - BDMVungleAdapter (1.9.4.2):
    - BidMachine (~> 1.9.4.0)
    - VungleSDK-iOS (= 6.11.0)
  - BidMachine (1.9.4.2):
    - BidMachine/Core (= 1.9.4.2)
  - BidMachine/Core (1.9.4.2):
    - Protobuf (~> 3.9)
    - StackModules (~> 1.2.1)
    - StackProtobuf (~> 0.8.1)
  - BURelyFoundation_Global (0.0.1.57):
    - BURelyFoundation_Global/NETWork (= 0.0.1.57)
  - BURelyFoundation_Global/NETWork (0.0.1.57)
  - connectivity_plus (0.0.1):
    - Flutter
    - ReachabilitySwift
  - CriteoPublisherSdk (4.5.0):
    - CriteoPublisherSdk/Sdk (= 4.5.0)
  - CriteoPublisherSdk/Sdk (4.5.0)
  - FBAudienceNetwork (6.11.1)
  - Flutter (1.0.0)
  - flutter_native_splash (0.0.1):
    - Flutter
  - FMDB (2.7.5):
    - FMDB/standard (= 2.7.5)
  - FMDB/standard (2.7.5)
  - hexcolor (0.0.1):
    - Flutter
  - image_gallery_saver (1.5.0):
    - Flutter
  - IronSourceSDK (7.2.2.1)
  - myTargetSDK (5.15.2):
    - myTrackerSDK (~> 3.0.3)
  - myTrackerSDK (3.0.7)
  - network_info_plus (0.0.1):
    - Flutter
  - OMSDK_Appodeal (1.3.27)
  - OneKit-Pangle/BaseKit (1.1.21-pangle)
  - OneKit-Pangle/Database (1.1.21-pangle):
    - OneKit-Pangle/Service
  - OneKit-Pangle/Service (1.1.21-pangle)
  - path_provider_ios (0.0.1):
    - Flutter
  - permission_handler_apple (9.0.4):
    - Flutter
  - Protobuf (3.21.5)
  - RangersAPM-Pangle/Core (2.3.2-pangle):
    - OneKit-Pangle/BaseKit (= 1.1.21-pangle)
  - RangersAPM-Pangle/Crash (2.3.2-pangle):
    - RangersAPM-Pangle/Core
    - RangersAPM-Pangle/HMD
    - RangersAPM-Pangle/Public
  - RangersAPM-Pangle/Global (2.3.2-pangle):
    - RangersAPM-Pangle/Core
    - RangersAPM-Pangle/Public
  - RangersAPM-Pangle/HMD (2.3.2-pangle):
    - OneKit-Pangle/Database (= 1.1.21-pangle)
    - RangersAPM-Pangle/Core
  - RangersAPM-Pangle/Public (2.3.2-pangle):
    - RangersAPM-Pangle/Core
  - RangersAPM-Pangle/SessionTracker (2.3.2-pangle):
    - RangersAPM-Pangle/Core
    - RangersAPM-Pangle/HMD
    - RangersAPM-Pangle/Public
  - ReachabilitySwift (5.0.0)
  - smaato-ios-sdk (21.7.5):
    - smaato-ios-sdk/Full (= 21.7.5)
  - smaato-ios-sdk/Banner (21.7.5):
    - smaato-ios-sdk/Modules/Banner
    - smaato-ios-sdk/Modules/Core
    - smaato-ios-sdk/Modules/RichMedia
  - smaato-ios-sdk/Full (21.7.5):
    - smaato-ios-sdk/Banner
    - smaato-ios-sdk/Interstitial
    - smaato-ios-sdk/Native
    - smaato-ios-sdk/Outstream
    - smaato-ios-sdk/RewardedAds
  - smaato-ios-sdk/Interstitial (21.7.5):
    - smaato-ios-sdk/Modules/Interstitial
    - smaato-ios-sdk/Modules/RichMedia
    - smaato-ios-sdk/Modules/Video
  - smaato-ios-sdk/Modules/Banner (21.7.5):
    - smaato-ios-sdk/Modules/Core
  - smaato-ios-sdk/Modules/Core (21.7.5)
  - smaato-ios-sdk/Modules/Interstitial (21.7.5):
    - smaato-ios-sdk/Modules/Core
  - smaato-ios-sdk/Modules/Native (21.7.5):
    - smaato-ios-sdk/Modules/Core
  - smaato-ios-sdk/Modules/OpenMeasurement (21.7.5):
    - smaato-ios-sdk/Modules/Core
  - smaato-ios-sdk/Modules/Outstream (21.7.5):
    - smaato-ios-sdk/Modules/Banner
    - smaato-ios-sdk/Modules/Core
    - smaato-ios-sdk/Modules/RichMedia
  - smaato-ios-sdk/Modules/RewardedAds (21.7.5):
    - smaato-ios-sdk/Modules/Core
  - smaato-ios-sdk/Modules/RichMedia (21.7.5):
    - smaato-ios-sdk/Modules/Core
    - smaato-ios-sdk/Modules/OpenMeasurement
  - smaato-ios-sdk/Modules/UnifiedBidding (21.7.5):
    - smaato-ios-sdk/Modules/Core
  - smaato-ios-sdk/Modules/Video (21.7.5):
    - smaato-ios-sdk/Modules/Core
    - smaato-ios-sdk/Modules/OpenMeasurement
  - smaato-ios-sdk/Native (21.7.5):
    - smaato-ios-sdk/Modules/Core
    - smaato-ios-sdk/Modules/Native
  - smaato-ios-sdk/Outstream (21.7.5):
    - smaato-ios-sdk/Modules/Outstream
  - smaato-ios-sdk/RewardedAds (21.7.5):
    - smaato-ios-sdk/Modules/RewardedAds
    - smaato-ios-sdk/Modules/Video
  - sqflite (0.0.2):
    - Flutter
    - FMDB (>= 2.7.5)
  - stack_appodeal_flutter (3.0.0):
    - Appodeal (= 3.0.0)
    - Flutter
  - StackAnalytics (1.3.2):
    - StackAnalytics/Full (= 1.3.2)
    - StackModules (~> 1.2.0)
  - StackAnalytics/Base (1.3.2):
    - StackModules (~> 1.2.0)
  - StackAnalytics/Crashes (1.3.2):
    - StackModules (~> 1.2.0)
  - StackAnalytics/Full (1.3.2):
    - StackAnalytics/Base
    - StackAnalytics/Crashes
    - StackModules (~> 1.2.0)
  - StackConsentManager (1.2.2)
  - StackIAB (1.7.4):
    - StackIAB/StackIABAssets (= 1.7.4)
    - StackIAB/StackMRAIDKit (= 1.7.4)
    - StackIAB/StackNASTKit (= 1.7.4)
    - StackIAB/StackOpenMeasure (= 1.7.4)
    - StackIAB/StackRichMedia (= 1.7.4)
    - StackIAB/StackVASTAssets (= 1.7.4)
    - StackIAB/StackVASTKit (= 1.7.4)
    - StackIAB/StackVideoPlayer (= 1.7.4)
    - StackIAB/StackXML (= 1.7.4)
    - StackModules (~> 1.2.1)
  - StackIAB/StackIABAssets (1.7.4):
    - StackModules (~> 1.2.1)
  - StackIAB/StackMRAIDKit (1.7.4):
    - StackIAB/StackIABAssets
    - StackIAB/StackOpenMeasure
    - StackModules (~> 1.2.1)
  - StackIAB/StackNASTKit (1.7.4):
    - StackIAB/StackVASTKit
    - StackModules (~> 1.2.1)
  - StackIAB/StackOpenMeasure (1.7.4):
    - OMSDK_Appodeal (~> 1.3.27)
    - StackModules (~> 1.2.1)
  - StackIAB/StackRichMedia (1.7.4):
    - StackIAB/StackIABAssets
    - StackIAB/StackVASTAssets
    - StackIAB/StackVideoPlayer
    - StackModules (~> 1.2.1)
  - StackIAB/StackVASTAssets (1.7.4):
    - StackIAB/StackIABAssets
    - StackIAB/StackXML
    - StackModules (~> 1.2.1)
  - StackIAB/StackVASTKit (1.7.4):
    - StackIAB/StackMRAIDKit
    - StackIAB/StackVASTAssets
    - StackIAB/StackVideoPlayer
    - StackModules (~> 1.2.1)
  - StackIAB/StackVideoPlayer (1.7.4):
    - StackModules (~> 1.2.1)
  - StackIAB/StackXML (1.7.4):
    - StackModules (~> 1.2.1)
  - StackModules (1.2.5):
    - StackModules/StackProductPresentation (= 1.2.5)
  - StackModules/StackFoundation (1.2.5)
  - StackModules/StackProductPresentation (1.2.5):
    - StackModules/StackUIKit
  - StackModules/StackUIKit (1.2.5):
    - StackModules/StackFoundation
  - StackProtobuf (0.8.3):
    - Protobuf (~> 3.13)
  - TapjoySDK (12.10.0)
  - UnityAds (4.2.1)
  - VungleSDK-iOS (6.11.0)
  - YandexMobileAds (5.0.2):
    - YandexMobileAds/Static (= 5.0.2)
  - YandexMobileAds/Static (5.0.2):
    - YandexMobileMetrica (< 5.0.0, >= 4.0.0)
  - YandexMobileMetrica (4.2.0):
    - YandexMobileMetrica/Static (= 4.2.0)
  - YandexMobileMetrica/Static (4.2.0):
    - YandexMobileMetrica/Static/Core (= 4.2.0)
    - YandexMobileMetrica/Static/Crashes (= 4.2.0)
  - YandexMobileMetrica/Static/Core (4.2.0)
  - YandexMobileMetrica/Static/Crashes (4.2.0):
    - YandexMobileMetrica/Static/Core

DEPENDENCIES:
  - APDAdColonyAdapter (= 3.0.0.1)
  - APDAppLovinAdapter (= 3.0.0.1)
  - APDBidMachineAdapter (= 3.0.0.2)
  - APDIABAdapter (= 3.0.0.1)
  - APDIronSourceAdapter (= 3.0.0.1)
  - APDMetaAudienceNetworkAdapter (= 3.0.0.1)
  - APDMyTargetAdapter (= 3.0.0.1)
  - APDStackAnalyticsAdapter (= 3.0.0.1)
  - APDUnityAdapter (= 3.0.0.1)
  - APDVungleAdapter (= 3.0.0.1)
  - APDYandexAdapter (= 3.0.0.1)
  - BDMAdColonyAdapter (~> 1.9.4)
  - BDMAmazonAdapter (~> 1.9.4.2)
  - BDMCriteoAdapter (~> 1.9.4)
  - BDMIABAdapter (~> 1.9.4)
  - BDMMetaAudienceAdapter (~> 1.9.4)
  - BDMMyTargetAdapter (~> 1.9.4)
  - BDMPangleAdapter (~> 1.9.4.2)
  - BDMSmaatoAdapter (~> 1.9.4)
  - BDMTapjoyAdapter (~> 1.9.4)
  - BDMVungleAdapter (~> 1.9.4)
  - connectivity_plus (from `.symlinks/plugins/connectivity_plus/ios`)
  - Flutter (from `Flutter`)
  - flutter_native_splash (from `.symlinks/plugins/flutter_native_splash/ios`)
  - hexcolor (from `.symlinks/plugins/hexcolor/ios`)
  - image_gallery_saver (from `.symlinks/plugins/image_gallery_saver/ios`)
  - network_info_plus (from `.symlinks/plugins/network_info_plus/ios`)
  - path_provider_ios (from `.symlinks/plugins/path_provider_ios/ios`)
  - permission_handler_apple (from `.symlinks/plugins/permission_handler_apple/ios`)
  - sqflite (from `.symlinks/plugins/sqflite/ios`)
  - stack_appodeal_flutter (from `.symlinks/plugins/stack_appodeal_flutter/ios`)

SPEC REPOS:
  trunk:
    - AdColony
    - Ads-Global
    - AmazonPublisherServicesSDK
    - APDAdColonyAdapter
    - APDAppLovinAdapter
    - APDBidMachineAdapter
    - APDIABAdapter
    - APDIronSourceAdapter
    - APDMetaAudienceNetworkAdapter
    - APDMyTargetAdapter
    - APDStackAnalyticsAdapter
    - APDUnityAdapter
    - APDVungleAdapter
    - APDYandexAdapter
    - AppLovinSDK
    - Appodeal
    - BDMAdColonyAdapter
    - BDMAmazonAdapter
    - BDMCriteoAdapter
    - BDMIABAdapter
    - BDMMetaAudienceAdapter
    - BDMMyTargetAdapter
    - BDMPangleAdapter
    - BDMSmaatoAdapter
    - BDMTapjoyAdapter
    - BDMVungleAdapter
    - BidMachine
    - BURelyFoundation_Global
    - CriteoPublisherSdk
    - FBAudienceNetwork
    - FMDB
    - IronSourceSDK
    - myTargetSDK
    - myTrackerSDK
    - OMSDK_Appodeal
    - OneKit-Pangle
    - Protobuf
    - RangersAPM-Pangle
    - ReachabilitySwift
    - smaato-ios-sdk
    - StackAnalytics
    - StackConsentManager
    - StackIAB
    - StackModules
    - StackProtobuf
    - TapjoySDK
    - UnityAds
    - VungleSDK-iOS
    - YandexMobileAds
    - YandexMobileMetrica

EXTERNAL SOURCES:
  connectivity_plus:
    :path: ".symlinks/plugins/connectivity_plus/ios"
  Flutter:
    :path: Flutter
  flutter_native_splash:
    :path: ".symlinks/plugins/flutter_native_splash/ios"
  hexcolor:
    :path: ".symlinks/plugins/hexcolor/ios"
  image_gallery_saver:
    :path: ".symlinks/plugins/image_gallery_saver/ios"
  network_info_plus:
    :path: ".symlinks/plugins/network_info_plus/ios"
  path_provider_ios:
    :path: ".symlinks/plugins/path_provider_ios/ios"
  permission_handler_apple:
    :path: ".symlinks/plugins/permission_handler_apple/ios"
  sqflite:
    :path: ".symlinks/plugins/sqflite/ios"
  stack_appodeal_flutter:
    :path: ".symlinks/plugins/stack_appodeal_flutter/ios"

SPEC CHECKSUMS:
  AdColony: 4f3738dc633d7aaa8ec60729df973076cc8e97ed
  Ads-Global: 167ddabcf74a82c41f7074dc286697418ee22b60
  AmazonPublisherServicesSDK: cd88ef55d5afaa6483bcb04b977e1585a95f9211
  APDAdColonyAdapter: 76198c7fce9988815fdb812c3bc50e0384777842
  APDAppLovinAdapter: cbfde1553036ce11ac771f375e727365e2fb76c3
  APDBidMachineAdapter: 8dc54420800a715ee50760e086c347f9efcf4d3e
  APDIABAdapter: 1877fddceb4eb9b32e3e58631b3c868776586708
  APDIronSourceAdapter: 08903d7d05d10635384d4c9acad7fa3e3cda42f3
  APDMetaAudienceNetworkAdapter: b5f1bb98fda100a0fa5f2d1fbd1f378dbe56ca75
  APDMyTargetAdapter: 4ea94e3649f4706f4575d8ed6cf04fb56c0590db
  APDStackAnalyticsAdapter: 32846b1f0a36453d471ec3239cb868ba2ce4cb1d
  APDUnityAdapter: bac6132127366c152a2414e23663a1b681ad0096
  APDVungleAdapter: c73e27d9e644735ecbf83c30b8a38afdcee29d95
  APDYandexAdapter: 54b20d07779a02f418b905bb0fcfd7a03238b1a9
  AppLovinSDK: 347d9d039d499acbc3c3f616c669d010b2269334
  Appodeal: b1940db7eaae7b1ed7ca425a56b3fd76e0588f5a
  BDMAdColonyAdapter: 7a67a84f9e643894965d12a4fb099e1d00c00446
  BDMAmazonAdapter: 25fda309314a7f99c9d4859ab6ab1a2b1412b0c2
  BDMCriteoAdapter: 1fa46727e5036de4503eb962ee7a2353ad572d5f
  BDMIABAdapter: 4c217223431ae85b96eecfd42c4d776e8298c6fb
  BDMMetaAudienceAdapter: 84ace470632d8ea08c202e980cddf6e503c5f0ee
  BDMMyTargetAdapter: 4204ab4f4228c08c2fd44420bebd8c298b812600
  BDMPangleAdapter: 14dd92196e49435bd84d5a51ff1d07ed0b5f260f
  BDMSmaatoAdapter: bbcfd0b7209dd14dc27202cbfe5cc742ec2cafcb
  BDMTapjoyAdapter: d96ff18a485e0cb2e4277453eca7382fb488b433
  BDMVungleAdapter: 92e57e5d066e49bf267e808ee089bfb790cd9c95
  BidMachine: 643f951bea9b0a1b2f12a5540fbaf8c9f1e4571c
  BURelyFoundation_Global: 5b03b5340630fa62fb9cd6eac52c5f57d4b0c17b
  connectivity_plus: 413a8857dd5d9f1c399a39130850d02fe0feaf7e
  CriteoPublisherSdk: 26f16f975d6c0392ee7060626268e2f2d7ed2d82
  FBAudienceNetwork: 78c7565dbc7df3a24013b4dccdc69a0d0ded8404
  Flutter: f04841e97a9d0b0a8025694d0796dd46242b2854
  flutter_native_splash: 52501b97d1c0a5f898d687f1646226c1f93c56ef
  FMDB: 2ce00b547f966261cd18927a3ddb07cb6f3db82a
  hexcolor: fdfb9c4258ad96e949c2dbcdf790a62194b8aa89
  image_gallery_saver: 259eab68fb271cfd57d599904f7acdc7832e7ef2
  IronSourceSDK: 2c5aa482ea7c5e85ff934d2c8bb34fe3ceb54f43
  myTargetSDK: e79ecceb7ce283f274202ff8e8b64b854ac8edad
  myTrackerSDK: 3b21ddcc191b818d0f39a518413ff98bf6544c76
  network_info_plus: b78876159360f5580608c2cea620d6ceffabd0ad
  OMSDK_Appodeal: f0d5df63dd9a2cadf30b3e0a4f5bfd498375baa3
  OneKit-Pangle: 68a778c39d36ed8feffd667a6b49225427bcf286
  path_provider_ios: 14f3d2fd28c4fdb42f44e0f751d12861c43cee02
  permission_handler_apple: 44366e37eaf29454a1e7b1b7d736c2cceaeb17ce
  Protobuf: 7504b04fffcf6662ad629694db8231f5e744327f
  RangersAPM-Pangle: 97c8fe91af08574a739cc72a714b735efb6c891f
  ReachabilitySwift: 985039c6f7b23a1da463388634119492ff86c825
  smaato-ios-sdk: bc1f78e079ac0ef88f9cdbe29205db0af405ce61
  sqflite: 6d358c025f5b867b29ed92fc697fd34924e11904
  stack_appodeal_flutter: 084c2e276c754daa1f092adec5607fb9a34c0b6a
  StackAnalytics: a4daa915bd8bba9eabf40ef6331a46afbbb94f93
  StackConsentManager: db10f9ab43a91440049886c7f09a6ce8114b5f37
  StackIAB: f1e1e0313f4b65c3152a47517e92ac0741743cf0
  StackModules: 2132d737caceb3142351583a890b1ba22da93745
  StackProtobuf: 4ce3cf175993834536fbb7260a278400cabeb463
  TapjoySDK: 3dcd899e69eb3e36f231390c95c7105730619bcb
  UnityAds: a2274b216f9ed1e4d1d74c08178f21223f08e17a
  VungleSDK-iOS: 5d0c27330a1d793d1f628a1f0e227113c9f8a478
  YandexMobileAds: 761e7844016da8f391d16e485640d828d48c3672
  YandexMobileMetrica: f5f9c605eaaba33ff6ab2b6bc3259035ca60ed87

PODFILE CHECKSUM: c44ed29f91f949d075b33d54a5d605adce00f294

COCOAPODS: 1.11.3
